
Microsoft Visual Studio Solution File, Format Version 12.00
# Visual Studio Version 17
VisualStudioVersion = 17.2.32616.157
MinimumVisualStudioVersion = 10.0.40219.1
Project("{FAE04EC0-301F-11D3-BF4B-00C04F79EFBC}") = "CoreDemo", "CoreDemo\CoreDemo.csproj", "{D7D46370-5A15-41B5-823C-E8B89AC3013C}"
EndProject
Global
	GlobalSection(SolutionConfigurationPlatforms) = preSolution
		Debug|Any CPU = Debug|Any CPU
		Release|Any CPU = Release|Any CPU
	EndGlobalSection
	GlobalSection(ProjectConfigurationPlatforms) = postSolution
		{D7D46370-5A15-41B5-823C-E8B89AC3013C}.Debug|Any CPU.ActiveCfg = Debug|Any CPU
		{D7D46370-5A15-41B5-823C-E8B89AC3013C}.Debug|Any CPU.Build.0 = Debug|Any CPU
		{D7D46370-5A15-41B5-823C-E8B89AC3013C}.Release|Any CPU.ActiveCfg = Release|Any CPU
		{D7D46370-5A15-41B5-823C-E8B89AC3013C}.Release|Any CPU.Build.0 = Release|Any CPU
	EndGlobalSection
	GlobalSection(SolutionProperties) = preSolution
		HideSolutionNode = FALSE
	EndGlobalSection
	GlobalSection(ExtensibilityGlobals) = postSolution
		SolutionGuid = {CEA66DFB-84C7-4D3C-9D5F-23C050412D37}
	EndGlobalSection
EndGlobal
